// !$*UTF8*$!
{
	archiveVersion = 1;
	classes = {
	};
	objectVersion = 46;
	objects = {

/* Begin PBXBuildFile section */
		807D16211C4920950098E96A /* AppDelegate.swift in Sources */ = {isa = PBXBuildFile; fileRef = 807D16201C4920950098E96A /* AppDelegate.swift */; };
		807D16231C4920950098E96A /* PizzaSizeViewController.swift in Sources */ = {isa = PBXBuildFile; fileRef = 807D16221C4920950098E96A /* PizzaSizeViewController.swift */; };
		807D16261C4920960098E96A /* Main.storyboard in Resources */ = {isa = PBXBuildFile; fileRef = 807D16241C4920960098E96A /* Main.storyboard */; };
		807D16281C4920960098E96A /* Assets.xcassets in Resources */ = {isa = PBXBuildFile; fileRef = 807D16271C4920960098E96A /* Assets.xcassets */; };
		807D162B1C4920960098E96A /* LaunchScreen.storyboard in Resources */ = {isa = PBXBuildFile; fileRef = 807D16291C4920960098E96A /* LaunchScreen.storyboard */; };
		807D16331C4930DC0098E96A /* PizzaDoughViewController.swift in Sources */ = {isa = PBXBuildFile; fileRef = 807D16321C4930DC0098E96A /* PizzaDoughViewController.swift */; };
		807D16351C4A354D0098E96A /* PizzaCheeseViewController.swift in Sources */ = {isa = PBXBuildFile; fileRef = 807D16341C4A354D0098E96A /* PizzaCheeseViewController.swift */; };
		807D16371C4A36F90098E96A /* PizzaIngredientsViewController.swift in Sources */ = {isa = PBXBuildFile; fileRef = 807D16361C4A36F90098E96A /* PizzaIngredientsViewController.swift */; };
		807D16391C4A38810098E96A /* MultipleSelectionControl.swift in Sources */ = {isa = PBXBuildFile; fileRef = 807D16381C4A38810098E96A /* MultipleSelectionControl.swift */; };
		807D163B1C4A44140098E96A /* PizzaOrder.swift in Sources */ = {isa = PBXBuildFile; fileRef = 807D163A1C4A44140098E96A /* PizzaOrder.swift */; };
		807D163D1C4A47570098E96A /* PizzaConfirmationViewController.swift in Sources */ = {isa = PBXBuildFile; fileRef = 807D163C1C4A47570098E96A /* PizzaConfirmationViewController.swift */; };
/* End PBXBuildFile section */

/* Begin PBXFileReference section */
		807D161D1C4920950098E96A /* PizzaOrder.app */ = {isa = PBXFileReference; explicitFileType = wrapper.application; includeInIndex = 0; path = PizzaOrder.app; sourceTree = BUILT_PRODUCTS_DIR; };
		807D16201C4920950098E96A /* AppDelegate.swift */ = {isa = PBXFileReference; lastKnownFileType = sourcecode.swift; path = AppDelegate.swift; sourceTree = "<group>"; };
		807D16221C4920950098E96A /* PizzaSizeViewController.swift */ = {isa = PBXFileReference; lastKnownFileType = sourcecode.swift; path = PizzaSizeViewController.swift; sourceTree = "<group>"; };
		807D16251C4920960098E96A /* Base */ = {isa = PBXFileReference; lastKnownFileType = file.storyboard; name = Base; path = Base.lproj/Main.storyboard; sourceTree = "<group>"; };
		807D16271C4920960098E96A /* Assets.xcassets */ = {isa = PBXFileReference; lastKnownFileType = folder.assetcatalog; path = Assets.xcassets; sourceTree = "<group>"; };
		807D162A1C4920960098E96A /* Base */ = {isa = PBXFileReference; lastKnownFileType = file.storyboard; name = Base; path = Base.lproj/LaunchScreen.storyboard; sourceTree = "<group>"; };
		807D162C1C4920960098E96A /* Info.plist */ = {isa = PBXFileReference; lastKnownFileType = text.plist.xml; path = Info.plist; sourceTree = "<group>"; };
		807D16321C4930DC0098E96A /* PizzaDoughViewController.swift */ = {isa = PBXFileReference; fileEncoding = 4; lastKnownFileType = sourcecode.swift; path = PizzaDoughViewController.swift; sourceTree = "<group>"; };
		807D16341C4A354D0098E96A /* PizzaCheeseViewController.swift */ = {isa = PBXFileReference; fileEncoding = 4; lastKnownFileType = sourcecode.swift; path = PizzaCheeseViewController.swift; sourceTree = "<group>"; };
		807D16361C4A36F90098E96A /* PizzaIngredientsViewController.swift */ = {isa = PBXFileReference; fileEncoding = 4; lastKnownFileType = sourcecode.swift; path = PizzaIngredientsViewController.swift; sourceTree = "<group>"; };
		807D16381C4A38810098E96A /* MultipleSelectionControl.swift */ = {isa = PBXFileReference; fileEncoding = 4; lastKnownFileType = sourcecode.swift; path = MultipleSelectionControl.swift; sourceTree = "<group>"; };
		807D163A1C4A44140098E96A /* PizzaOrder.swift */ = {isa = PBXFileReference; fileEncoding = 4; lastKnownFileType = sourcecode.swift; path = PizzaOrder.swift; sourceTree = "<group>"; };
		807D163C1C4A47570098E96A /* PizzaConfirmationViewController.swift */ = {isa = PBXFileReference; fileEncoding = 4; lastKnownFileType = sourcecode.swift; path = PizzaConfirmationViewController.swift; sourceTree = "<group>"; };
/* End PBXFileReference section */

/* Begin PBXFrameworksBuildPhase section */
		807D161A1C4920950098E96A /* Frameworks */ = {
			isa = PBXFrameworksBuildPhase;
			buildActionMask = 2147483647;
			files = (
			);
			runOnlyForDeploymentPostprocessing = 0;
		};
/* End PBXFrameworksBuildPhase section */

/* Begin PBXGroup section */
		807D16141C4920950098E96A = {
			isa = PBXGroup;
			children = (
				807D161F1C4920950098E96A /* PizzaOrder */,
				807D161E1C4920950098E96A /* Products */,
			);
			sourceTree = "<group>";
		};
		807D161E1C4920950098E96A /* Products */ = {
			isa = PBXGroup;
			children = (
				807D161D1C4920950098E96A /* PizzaOrder.app */,
			);
			name = Products;
			sourceTree = "<group>";
		};
		807D161F1C4920950098E96A /* PizzaOrder */ = {
			isa = PBXGroup;
			children = (
				807D16201C4920950098E96A /* AppDelegate.swift */,
				807D16381C4A38810098E96A /* MultipleSelectionControl.swift */,
				807D16321C4930DC0098E96A /* PizzaDoughViewController.swift */,
				807D16341C4A354D0098E96A /* PizzaCheeseViewController.swift */,
				807D16361C4A36F90098E96A /* PizzaIngredientsViewController.swift */,
				807D16221C4920950098E96A /* PizzaSizeViewController.swift */,
				807D163A1C4A44140098E96A /* PizzaOrder.swift */,
				807D163C1C4A47570098E96A /* PizzaConfirmationViewController.swift */,
				807D16271C4920960098E96A /* Assets.xcassets */,
				807D16291C4920960098E96A /* LaunchScreen.storyboard */,
				807D162C1C4920960098E96A /* Info.plist */,
				807D16241C4920960098E96A /* Main.storyboard */,
			);
			path = PizzaOrder;
			sourceTree = "<group>";
		};
/* End PBXGroup section */

/* Begin PBXNativeTarget section */
		807D161C1C4920950098E96A /* PizzaOrder */ = {
			isa = PBXNativeTarget;
			buildConfigurationList = 807D162F1C4920960098E96A /* Build configuration list for PBXNativeTarget "PizzaOrder" */;
			buildPhases = (
				807D16191C4920950098E96A /* Sources */,
				807D161A1C4920950098E96A /* Frameworks */,
				807D161B1C4920950098E96A /* Resources */,
			);
			buildRules = (
			);
			dependencies = (
			);
			name = PizzaOrder;
			productName = PizzaOrder;
			productReference = 807D161D1C4920950098E96A /* PizzaOrder.app */;
			productType = "com.apple.product-type.application";
		};
/* End PBXNativeTarget section */

/* Begin PBXProject section */
		807D16151C4920950098E96A /* Project object */ = {
			isa = PBXProject;
			attributes = {
				LastSwiftUpdateCheck = 0720;
				LastUpgradeCheck = 0720;
				ORGANIZATIONNAME = "Armando Muñoz Hernández";
				TargetAttributes = {
					807D161C1C4920950098E96A = {
						CreatedOnToolsVersion = 7.2;
						DevelopmentTeam = SJHHULHX5H;
					};
				};
			};
			buildConfigurationList = 807D16181C4920950098E96A /* Build configuration list for PBXProject "PizzaOrder" */;
			compatibilityVersion = "Xcode 3.2";
			developmentRegion = English;
			hasScannedForEncodings = 0;
			knownRegions = (
				en,
				Base,
			);
			mainGroup = 807D16141C4920950098E96A;
			productRefGroup = 807D161E1C4920950098E96A /* Products */;
			projectDirPath = "";
			projectRoot = "";
			targets = (
				807D161C1C4920950098E96A /* PizzaOrder */,
			);
		};
/* End PBXProject section */

/* Begin PBXResourcesBuildPhase section */
		807D161B1C4920950098E96A /* Resources */ = {
			isa = PBXResourcesBuildPhase;
			buildActionMask = 2147483647;
			files = (
				807D162B1C4920960098E96A /* LaunchScreen.storyboard in Resources */,
				807D16281C4920960098E96A /* Assets.xcassets in Resources */,
				807D16261C4920960098E96A /* Main.storyboard in Resources */,
			);
			runOnlyForDeploymentPostprocessing = 0;
		};
/* End PBXResourcesBuildPhase section */

/* Begin PBXSourcesBuildPhase section */
		807D16191C4920950098E96A /* Sources */ = {
			isa = PBXSourcesBuildPhase;
			buildActionMask = 2147483647;
			files = (
				807D16371C4A36F90098E96A /* PizzaIngredientsViewController.swift in Sources */,
				807D16351C4A354D0098E96A /* PizzaCheeseViewController.swift in Sources */,
				807D16391C4A38810098E96A /* MultipleSelectionControl.swift in Sources */,
				807D16331C4930DC0098E96A /* PizzaDoughViewController.swift in Sources */,
				807D163B1C4A44140098E96A /* PizzaOrder.swift in Sources */,
				807D16231C4920950098E96A /* PizzaSizeViewController.swift in Sources */,
				807D163D1C4A47570098E96A /* PizzaConfirmationViewController.swift in Sources */,
				807D16211C4920950098E96A /* AppDelegate.swift in Sources */,
			);
			runOnlyForDeploymentPostprocessing = 0;
		};
/* End PBXSourcesBuildPhase section */

/* Begin PBXVariantGroup section */
		807D16241C4920960098E96A /* Main.storyboard */ = {
			isa = PBXVariantGroup;
			children = (
				807D16251C4920960098E96A /* Base */,
			);
			name = Main.storyboard;
			sourceTree = "<group>";
		};
		807D16291C4920960098E96A /* LaunchScreen.storyboard */ = {
			isa = PBXVariantGroup;
			children = (
				807D162A1C4920960098E96A /* Base */,
			);
			name = LaunchScreen.storyboard;
			sourceTree = "<group>";
		};
/* End PBXVariantGroup section */

/* Begin XCBuildConfiguration section */
		807D162D1C4920960098E96A /* Debug */ = {
			isa = XCBuildConfiguration;
			buildSettings = {
				ALWAYS_SEARCH_USER_PATHS = NO;
				CLANG_CXX_LANGUAGE_STANDARD = "gnu++0x";
				CLANG_CXX_LIBRARY = "libc++";
				CLANG_ENABLE_MODULES = YES;
				CLANG_ENABLE_OBJC_ARC = YES;
				CLANG_WARN_BOOL_CONVERSION = YES;
				CLANG_WARN_CONSTANT_CONVERSION = YES;
				CLANG_WARN_DIRECT_OBJC_ISA_USAGE = YES_ERROR;
				CLANG_WARN_EMPTY_BODY = YES;
				CLANG_WARN_ENUM_CONVERSION = YES;
				CLANG_WARN_INT_CONVERSION = YES;
				CLANG_WARN_OBJC_ROOT_CLASS = YES_ERROR;
				CLANG_WARN_UNREACHABLE_CODE = YES;
				CLANG_WARN__DUPLICATE_METHOD_MATCH = YES;
				"CODE_SIGN_IDENTITY[sdk=iphoneos*]" = "iPhone Developer";
				COPY_PHASE_STRIP = NO;
				DEBUG_INFORMATION_FORMAT = dwarf;
				ENABLE_STRICT_OBJC_MSGSEND = YES;
				ENABLE_TESTABILITY = YES;
				GCC_C_LANGUAGE_STANDARD = gnu99;
				GCC_DYNAMIC_NO_PIC = NO;
				GCC_NO_COMMON_BLOCKS = YES;
				GCC_OPTIMIZATION_LEVEL = 0;
				GCC_PREPROCESSOR_DEFINITIONS = (
					"DEBUG=1",
					"$(inherited)",
				);
				GCC_WARN_64_TO_32_BIT_CONVERSION = YES;
				GCC_WARN_ABOUT_RETURN_TYPE = YES_ERROR;
				GCC_WARN_UNDECLARED_SELECTOR = YES;
				GCC_WARN_UNINITIALIZED_AUTOS = YES_AGGRESSIVE;
				GCC_WARN_UNUSED_FUNCTION = YES;
				GCC_WARN_UNUSED_VARIABLE = YES;
				IPHONEOS_DEPLOYMENT_TARGET = 9.2;
				MTL_ENABLE_DEBUG_INFO = YES;
				ONLY_ACTIVE_ARCH = YES;
				SDKROOT = iphoneos;
				SWIFT_OPTIMIZATION_LEVEL = "-Onone";
				TARGETED_DEVICE_FAMILY = "1,2";
			};
			name = Debug;
		};
		807D162E1C4920960098E96A /* Release */ = {
			isa = XCBuildConfiguration;
			buildSettings = {
				ALWAYS_SEARCH_USER_PATHS = NO;
				CLANG_CXX_LANGUAGE_STANDARD = "gnu++0x";
				CLANG_CXX_LIBRARY = "libc++";
				CLANG_ENABLE_MODULES = YES;
				CLANG_ENABLE_OBJC_ARC = YES;
				CLANG_WARN_BOOL_CONVERSION = YES;
				CLANG_WARN_CONSTANT_CONVERSION = YES;
				CLANG_WARN_DIRECT_OBJC_ISA_USAGE = YES_ERROR;
				CLANG_WARN_EMPTY_BODY = YES;
				CLANG_WARN_ENUM_CONVERSION = YES;
				CLANG_WARN_INT_CONVERSION = YES;
				CLANG_WARN_OBJC_ROOT_CLASS = YES_ERROR;
				CLANG_WARN_UNREACHABLE_CODE = YES;
				CLANG_WARN__DUPLICATE_METHOD_MATCH = YES;
				"CODE_SIGN_IDENTITY[sdk=iphoneos*]" = "iPhone Developer";
				COPY_PHASE_STRIP = NO;
				DEBUG_INFORMATION_FORMAT = "dwarf-with-dsym";
				ENABLE_NS_ASSERTIONS = NO;
				ENABLE_STRICT_OBJC_MSGSEND = YES;
				GCC_C_LANGUAGE_STANDARD = gnu99;
				GCC_NO_COMMON_BLOCKS = YES;
				GCC_WARN_64_TO_32_BIT_CONVERSION = YES;
				GCC_WARN_ABOUT_RETURN_TYPE = YES_ERROR;
				GCC_WARN_UNDECLARED_SELECTOR = YES;
				GCC_WARN_UNINITIALIZED_AUTOS = YES_AGGRESSIVE;
				GCC_WARN_UNUSED_FUNCTION = YES;
				GCC_WARN_UNUSED_VARIABLE = YES;
				IPHONEOS_DEPLOYMENT_TARGET = 9.2;
				MTL_ENABLE_DEBUG_INFO = NO;
				SDKROOT = iphoneos;
				TARGETED_DEVICE_FAMILY = "1,2";
				VALIDATE_PRODUCT = YES;
			};
			name = Release;
		};
		807D16301C4920960098E96A /* Debug */ = {
			isa = XCBuildConfiguration;
			buildSettings = {
				ASSETCATALOG_COMPILER_APPICON_NAME = AppIcon;
				INFOPLIST_FILE = PizzaOrder/Info.plist;
				LD_RUNPATH_SEARCH_PATHS = "$(inherited) @executable_path/Frameworks";
				PRODUCT_BUNDLE_IDENTIFIER = mx.com.amh.PizzaOrder;
				PRODUCT_NAME = "$(TARGET_NAME)";
			};
			name = Debug;
		};
		807D16311C4920960098E96A /* Release */ = {
			isa = XCBuildConfiguration;
			buildSettings = {
				ASSETCATALOG_COMPILER_APPICON_NAME = AppIcon;
				INFOPLIST_FILE = PizzaOrder/Info.plist;
				LD_RUNPATH_SEARCH_PATHS = "$(inherited) @executable_path/Frameworks";
				PRODUCT_BUNDLE_IDENTIFIER = mx.com.amh.PizzaOrder;
				PRODUCT_NAME = "$(TARGET_NAME)";
			};
			name = Release;
		};
/* End XCBuildConfiguration section */

/* Begin XCConfigurationList section */
		807D16181C4920950098E96A /* Build configuration list for PBXProject "PizzaOrder" */ = {
			isa = XCConfigurationList;
			buildConfigurations = (
				807D162D1C4920960098E96A /* Debug */,
				807D162E1C4920960098E96A /* Release */,
			);
			defaultConfigurationIsVisible = 0;
			defaultConfigurationName = Release;
		};
		807D162F1C4920960098E96A /* Build configuration list for PBXNativeTarget "PizzaOrder" */ = {
			isa = XCConfigurationList;
			buildConfigurations = (
				807D16301C4920960098E96A /* Debug */,
				807D16311C4920960098E96A /* Release */,
			);
			defaultConfigurationIsVisible = 0;
		};
/* End XCConfigurationList section */
	};
	rootObject = 807D16151C4920950098E96A /* Project object */;
}
